
Microsoft Visual Studio Solution File, Format Version 12.00
# Visual Studio Version 16
VisualStudioVersion = 16.0.30621.155
MinimumVisualStudioVersion = 10.0.40219.1
Project("{FAE04EC0-301F-11D3-BF4B-00C04F79EFBC}") = "MatricesWithArrays", "MatricesWithArrays\MatricesWithArrays.csproj", "{C10E87A3-6FE5-4B2A-829E-C30203DDD163}"
EndProject
Global
	GlobalSection(SolutionConfigurationPlatforms) = preSolution
		Debug|Any CPU = Debug|Any CPU
		Release|Any CPU = Release|Any CPU
	EndGlobalSection
	GlobalSection(ProjectConfigurationPlatforms) = postSolution
		{C10E87A3-6FE5-4B2A-829E-C30203DDD163}.Debug|Any CPU.ActiveCfg = Debug|Any CPU
		{C10E87A3-6FE5-4B2A-829E-C30203DDD163}.Debug|Any CPU.Build.0 = Debug|Any CPU
		{C10E87A3-6FE5-4B2A-829E-C30203DDD163}.Release|Any CPU.ActiveCfg = Release|Any CPU
		{C10E87A3-6FE5-4B2A-829E-C30203DDD163}.Release|Any CPU.Build.0 = Release|Any CPU
	EndGlobalSection
	GlobalSection(SolutionProperties) = preSolution
		HideSolutionNode = FALSE
	EndGlobalSection
	GlobalSection(ExtensibilityGlobals) = postSolution
		SolutionGuid = {78943FB7-C6E4-434F-A627-CA2A766A4C45}
	EndGlobalSection
EndGlobal
